
Microsoft Visual Studio Solution File, Format Version 12.00
# Visual Studio 2012
Project("{FAE04EC0-301F-11D3-BF4B-00C04F79EFBC}") = "0Mq.Server", "0Mq.Server\0Mq.Server.csproj", "{3FB13EE2-D8AE-440A-917D-AD6E51DECD4D}"
EndProject
Project("{FAE04EC0-301F-11D3-BF4B-00C04F79EFBC}") = "0Mq.Client", "0Mq.Client\0Mq.Client.csproj", "{107FCB11-2C42-44AF-AF14-DA963120165D}"
EndProject
Global
	GlobalSection(SolutionConfigurationPlatforms) = preSolution
		Debug|Any CPU = Debug|Any CPU
		Release|Any CPU = Release|Any CPU
	EndGlobalSection
	GlobalSection(ProjectConfigurationPlatforms) = postSolution
		{3FB13EE2-D8AE-440A-917D-AD6E51DECD4D}.Debug|Any CPU.ActiveCfg = Debug|Any CPU
		{3FB13EE2-D8AE-440A-917D-AD6E51DECD4D}.Debug|Any CPU.Build.0 = Debug|Any CPU
		{3FB13EE2-D8AE-440A-917D-AD6E51DECD4D}.Release|Any CPU.ActiveCfg = Release|Any CPU
		{3FB13EE2-D8AE-440A-917D-AD6E51DECD4D}.Release|Any CPU.Build.0 = Release|Any CPU
		{107FCB11-2C42-44AF-AF14-DA963120165D}.Debug|Any CPU.ActiveCfg = Debug|Any CPU
		{107FCB11-2C42-44AF-AF14-DA963120165D}.Debug|Any CPU.Build.0 = Debug|Any CPU
		{107FCB11-2C42-44AF-AF14-DA963120165D}.Release|Any CPU.ActiveCfg = Release|Any CPU
		{107FCB11-2C42-44AF-AF14-DA963120165D}.Release|Any CPU.Build.0 = Release|Any CPU
	EndGlobalSection
	GlobalSection(SolutionProperties) = preSolution
		HideSolutionNode = FALSE
	EndGlobalSection
EndGlobal
